// !$*UTF8*$!
{
	archiveVersion = 1;
	classes = {
	};
	objectVersion = 77;
	objects = {

/* Begin PBXBuildFile section */
		0E10569B2E9ACCA4007EE69B /* Info-iPad.plist in Resources */ = {isa = PBXBuildFile; fileRef = 0E1056952E9ACCA4007EE69B /* Info-iPad.plist */; };
		0E10569C2E9ACCA4007EE69B /* RefactoringPlan.md in Resources */ = {isa = PBXBuildFile; fileRef = 0E1056732E9ACCA4007EE69B /* RefactoringPlan.md */; };
		0E10569D2E9ACCA4007EE69B /* Info.plist in Resources */ = {isa = PBXBuildFile; fileRef = 0E1056942E9ACCA4007EE69B /* Info.plist */; };
		0E10569E2E9ACCA4007EE69B /* ShortcutHelpView.swift in Sources */ = {isa = PBXBuildFile; fileRef = 0E1056892E9ACCA4007EE69B /* ShortcutHelpView.swift */; };
		0E10569F2E9ACCA4007EE69B /* ClaudeAPIService.swift in Sources */ = {isa = PBXBuildFile; fileRef = 0E10567B2E9ACCA4007EE69B /* ClaudeAPIService.swift */; };
		0E1056A02E9ACCA4007EE69B /* ErrorBannerView.swift in Sources */ = {isa = PBXBuildFile; fileRef = 0E1056852E9ACCA4007EE69B /* ErrorBannerView.swift */; };
		0E1056A12E9ACCA4007EE69B /* VantageMac.swift in Sources */ = {isa = PBXBuildFile; fileRef = 0E1056992E9ACCA4007EE69B /* VantageMac.swift */; };
		0E1056A22E9ACCA4007EE69B /* StreamingMessageView.swift in Sources */ = {isa = PBXBuildFile; fileRef = 0E10568A2E9ACCA4007EE69B /* StreamingMessageView.swift */; };
		0E1056A32E9ACCA4007EE69B /* SessionListView.swift in Sources */ = {isa = PBXBuildFile; fileRef = 0E1056882E9ACCA4007EE69B /* SessionListView.swift */; };
		0E1056A52E9ACCA4007EE69B /* LoggingService.swift in Sources */ = {isa = PBXBuildFile; fileRef = 0E10567F2E9ACCA4007EE69B /* LoggingService.swift */; };
		0E1056A62E9ACCA4007EE69B /* WorkingDirectoryManager.swift in Sources */ = {isa = PBXBuildFile; fileRef = 0E1056792E9ACCA4007EE69B /* WorkingDirectoryManager.swift */; };
		0E1056A72E9ACCA4007EE69B /* ContentViewWithConsole.swift in Sources */ = {isa = PBXBuildFile; fileRef = 0E1056932E9ACCA4007EE69B /* ContentViewWithConsole.swift */; };
		0E1056A82E9ACCA4007EE69B /* SessionService.swift in Sources */ = {isa = PBXBuildFile; fileRef = 0E1056812E9ACCA4007EE69B /* SessionService.swift */; };
		0E1056A92E9ACCA4007EE69B /* InputStatusView.swift in Sources */ = {isa = PBXBuildFile; fileRef = 0E1056872E9ACCA4007EE69B /* InputStatusView.swift */; };
		0E1056AA2E9ACCA4007EE69B /* MessageService.swift in Sources */ = {isa = PBXBuildFile; fileRef = 0E10567D2E9ACCA4007EE69B /* MessageService.swift */; };
		0E1056AB2E9ACCA4007EE69B /* ChatSession.swift in Sources */ = {isa = PBXBuildFile; fileRef = 0E1056782E9ACCA4007EE69B /* ChatSession.swift */; };
		0E1056AC2E9ACCA4007EE69B /* WorkingDirectoryView.swift in Sources */ = {isa = PBXBuildFile; fileRef = 0E10568C2E9ACCA4007EE69B /* WorkingDirectoryView.swift */; };
		0E1056AD2E9ACCA4007EE69B /* TokenCounterView.swift in Sources */ = {isa = PBXBuildFile; fileRef = 0E10568B2E9ACCA4007EE69B /* TokenCounterView.swift */; };
		0E1056AE2E9ACCA4007EE69B /* RetryManager.swift in Sources */ = {isa = PBXBuildFile; fileRef = 0E1056832E9ACCA4007EE69B /* RetryManager.swift */; };
		0E1056AF2E9ACCA4007EE69B /* FileBrowserView.swift in Sources */ = {isa = PBXBuildFile; fileRef = 0E1056862E9ACCA4007EE69B /* FileBrowserView.swift */; };
		0E1056B02E9ACCA4007EE69B /* ContentView.swift in Sources */ = {isa = PBXBuildFile; fileRef = 0E1056922E9ACCA4007EE69B /* ContentView.swift */; };
		0E1056B12E9ACCA4007EE69B /* VantageIPad.swift in Sources */ = {isa = PBXBuildFile; fileRef = 0E1056982E9ACCA4007EE69B /* VantageIPad.swift */; };
		0E1056B32E9ACCA4007EE69B /* ChatViewModelMigration.swift in Sources */ = {isa = PBXBuildFile; fileRef = 0E1056912E9ACCA4007EE69B /* ChatViewModelMigration.swift */; };
		0E1056B42E9ACCA4007EE69B /* ChatViewModel.swift in Sources */ = {isa = PBXBuildFile; fileRef = 0E10568F2E9ACCA4007EE69B /* ChatViewModel.swift */; };
		0E1056B52E9ACCA4007EE69B /* SendMessageUseCase.swift in Sources */ = {isa = PBXBuildFile; fileRef = 0E1056752E9ACCA4007EE69B /* SendMessageUseCase.swift */; };
		0E7AD0632E1F81BF005AD02E /* ClaudeIntegration in Frameworks */ = {isa = PBXBuildFile; productRef = 0E7AD0632E1F81BF005AD02D /* ClaudeIntegration */; };
		0E9842752E161A4000928FD2 /* RealityKitContent in Frameworks */ = {isa = PBXBuildFile; productRef = 0E9842742E161A4000928FD2 /* RealityKitContent */; };
		2B4E877894326FFBE1224E27 /* ContentView.swift in Sources */ = {isa = PBXBuildFile; fileRef = 9C9EFABC5E50914B4521DE1D /* ContentView.swift */; };
		3BA11150742B2FB1615C5D7E /* ShaderTypes.h in Headers */ = {isa = PBXBuildFile; fileRef = 50CDA1B24AC987A1F77DF251 /* ShaderTypes.h */; };
		461443D32E2DEBEC0048F5E7 /* ClaudeIntegration in Frameworks */ = {isa = PBXBuildFile; productRef = 461443D22E2DEBEC0048F5E7 /* ClaudeIntegration */; };
		694049BA24ECAD1B397E502C /* VantageApp.swift in Sources */ = {isa = PBXBuildFile; fileRef = 76154490EF01219707965A2B /* VantageApp.swift */; };
		84998C65F078C4DD514E90A1 /* Shaders.metal in Resources */ = {isa = PBXBuildFile; fileRef = 5CD9F07B319472023C423B13 /* Shaders.metal */; };
		95B0792114EB04C66766DFFF /* Renderer.swift in Sources */ = {isa = PBXBuildFile; fileRef = D0BEACCDB4D839064460187A /* Renderer.swift */; };
		A07C7B2A5BF9CC8B285F85BC /* ToggleImmersiveSpaceButton.swift in Sources */ = {isa = PBXBuildFile; fileRef = 8560795FF64D8B9772521046 /* ToggleImmersiveSpaceButton.swift */; };
		CDFBB15AC6E82C567F22DC4B /* AppModel.swift in Sources */ = {isa = PBXBuildFile; fileRef = 612D2F0226BAC73852092C51 /* AppModel.swift */; };
/* End PBXBuildFile section */

/* Begin PBXContainerItemProxy section */
/* End PBXContainerItemProxy section */

/* Begin PBXFileReference section */
		0E1056732E9ACCA4007EE69B /* RefactoringPlan.md */ = {isa = PBXFileReference; lastKnownFileType = net.daringfireball.markdown; path = RefactoringPlan.md; sourceTree = "<group>"; };
		0E1056752E9ACCA4007EE69B /* SendMessageUseCase.swift */ = {isa = PBXFileReference; lastKnownFileType = sourcecode.swift; path = SendMessageUseCase.swift; sourceTree = "<group>"; };
		0E1056782E9ACCA4007EE69B /* ChatSession.swift */ = {isa = PBXFileReference; lastKnownFileType = sourcecode.swift; path = ChatSession.swift; sourceTree = "<group>"; };
		0E1056792E9ACCA4007EE69B /* WorkingDirectoryManager.swift */ = {isa = PBXFileReference; lastKnownFileType = sourcecode.swift; path = WorkingDirectoryManager.swift; sourceTree = "<group>"; };
		0E10567B2E9ACCA4007EE69B /* ClaudeAPIService.swift */ = {isa = PBXFileReference; lastKnownFileType = sourcecode.swift; path = ClaudeAPIService.swift; sourceTree = "<group>"; };
		0E10567D2E9ACCA4007EE69B /* MessageService.swift */ = {isa = PBXFileReference; lastKnownFileType = sourcecode.swift; path = MessageService.swift; sourceTree = "<group>"; };
		0E10567F2E9ACCA4007EE69B /* LoggingService.swift */ = {isa = PBXFileReference; lastKnownFileType = sourcecode.swift; path = LoggingService.swift; sourceTree = "<group>"; };
		0E1056812E9ACCA4007EE69B /* SessionService.swift */ = {isa = PBXFileReference; lastKnownFileType = sourcecode.swift; path = SessionService.swift; sourceTree = "<group>"; };
		0E1056832E9ACCA4007EE69B /* RetryManager.swift */ = {isa = PBXFileReference; lastKnownFileType = sourcecode.swift; path = RetryManager.swift; sourceTree = "<group>"; };
		0E1056852E9ACCA4007EE69B /* ErrorBannerView.swift */ = {isa = PBXFileReference; lastKnownFileType = sourcecode.swift; path = ErrorBannerView.swift; sourceTree = "<group>"; };
		0E1056862E9ACCA4007EE69B /* FileBrowserView.swift */ = {isa = PBXFileReference; lastKnownFileType = sourcecode.swift; path = FileBrowserView.swift; sourceTree = "<group>"; };
		0E1056872E9ACCA4007EE69B /* InputStatusView.swift */ = {isa = PBXFileReference; lastKnownFileType = sourcecode.swift; path = InputStatusView.swift; sourceTree = "<group>"; };
		0E1056882E9ACCA4007EE69B /* SessionListView.swift */ = {isa = PBXFileReference; lastKnownFileType = sourcecode.swift; path = SessionListView.swift; sourceTree = "<group>"; };
		0E1056892E9ACCA4007EE69B /* ShortcutHelpView.swift */ = {isa = PBXFileReference; lastKnownFileType = sourcecode.swift; path = ShortcutHelpView.swift; sourceTree = "<group>"; };
		0E10568A2E9ACCA4007EE69B /* StreamingMessageView.swift */ = {isa = PBXFileReference; lastKnownFileType = sourcecode.swift; path = StreamingMessageView.swift; sourceTree = "<group>"; };
		0E10568B2E9ACCA4007EE69B /* TokenCounterView.swift */ = {isa = PBXFileReference; lastKnownFileType = sourcecode.swift; path = TokenCounterView.swift; sourceTree = "<group>"; };
		0E10568C2E9ACCA4007EE69B /* WorkingDirectoryView.swift */ = {isa = PBXFileReference; lastKnownFileType = sourcecode.swift; path = WorkingDirectoryView.swift; sourceTree = "<group>"; };
		0E10568F2E9ACCA4007EE69B /* ChatViewModel.swift */ = {isa = PBXFileReference; lastKnownFileType = sourcecode.swift; path = ChatViewModel.swift; sourceTree = "<group>"; };
		0E1056912E9ACCA4007EE69B /* ChatViewModelMigration.swift */ = {isa = PBXFileReference; lastKnownFileType = sourcecode.swift; path = ChatViewModelMigration.swift; sourceTree = "<group>"; };
		0E1056922E9ACCA4007EE69B /* ContentView.swift */ = {isa = PBXFileReference; lastKnownFileType = sourcecode.swift; path = ContentView.swift; sourceTree = "<group>"; };
		0E1056932E9ACCA4007EE69B /* ContentViewWithConsole.swift */ = {isa = PBXFileReference; lastKnownFileType = sourcecode.swift; path = ContentViewWithConsole.swift; sourceTree = "<group>"; };
		0E1056942E9ACCA4007EE69B /* Info.plist */ = {isa = PBXFileReference; lastKnownFileType = text.plist.xml; path = Info.plist; sourceTree = "<group>"; };
		0E1056952E9ACCA4007EE69B /* Info-iPad.plist */ = {isa = PBXFileReference; lastKnownFileType = text.plist.xml; path = "Info-iPad.plist"; sourceTree = "<group>"; };
		0E1056962E9ACCA4007EE69B /* Vantage_iPad.entitlements */ = {isa = PBXFileReference; lastKnownFileType = text.plist.entitlements; path = Vantage_iPad.entitlements; sourceTree = "<group>"; };
		0E1056972E9ACCA4007EE69B /* Vantage_Mac.entitlements */ = {isa = PBXFileReference; lastKnownFileType = text.plist.entitlements; path = Vantage_Mac.entitlements; sourceTree = "<group>"; };
		0E1056982E9ACCA4007EE69B /* VantageIPad.swift */ = {isa = PBXFileReference; lastKnownFileType = sourcecode.swift; path = VantageIPad.swift; sourceTree = "<group>"; };
		0E1056992E9ACCA4007EE69B /* VantageMac.swift */ = {isa = PBXFileReference; lastKnownFileType = sourcecode.swift; path = VantageMac.swift; sourceTree = "<group>"; };
		0E7AD0572E1F81BC005AD02D /* Vantage Point for Mac.app */ = {isa = PBXFileReference; explicitFileType = wrapper.application; includeInIndex = 0; path = "Vantage Point for Mac.app"; sourceTree = BUILT_PRODUCTS_DIR; };
		0E98426F2E161A4000928FD2 /* Vantage Vision.app */ = {isa = PBXFileReference; explicitFileType = wrapper.application; includeInIndex = 0; path = "Vantage Vision.app"; sourceTree = BUILT_PRODUCTS_DIR; };
		0E9842732E161A4000928FD2 /* RealityKitContent */ = {isa = PBXFileReference; lastKnownFileType = wrapper; path = RealityKitContent; sourceTree = "<group>"; };
		0EDC41542E91B3E500B83939 /* RealityKit.framework */ = {isa = PBXFileReference; lastKnownFileType = wrapper.framework; name = RealityKit.framework; path = Platforms/MacOSX.platform/Developer/SDKs/MacOSX26.0.sdk/System/Library/Frameworks/RealityKit.framework; sourceTree = DEVELOPER_DIR; };
		50CDA1B24AC987A1F77DF251 /* ShaderTypes.h */ = {isa = PBXFileReference; name = ShaderTypes.h; path = apps/visionos/ShaderTypes.h; sourceTree = "<group>"; };
		5CD9F07B319472023C423B13 /* Shaders.metal */ = {isa = PBXFileReference; name = Shaders.metal; path = apps/visionos/Shaders.metal; sourceTree = "<group>"; };
		612D2F0226BAC73852092C51 /* AppModel.swift */ = {isa = PBXFileReference; name = AppModel.swift; path = apps/visionos/AppModel.swift; sourceTree = "<group>"; };
		76154490EF01219707965A2B /* VantageApp.swift */ = {isa = PBXFileReference; name = VantageApp.swift; path = apps/visionos/VantageApp.swift; sourceTree = "<group>"; };
		8560795FF64D8B9772521046 /* ToggleImmersiveSpaceButton.swift */ = {isa = PBXFileReference; name = ToggleImmersiveSpaceButton.swift; path = apps/visionos/ToggleImmersiveSpaceButton.swift; sourceTree = "<group>"; };
		9C9EFABC5E50914B4521DE1D /* ContentView.swift */ = {isa = PBXFileReference; name = ContentView.swift; path = apps/visionos/ContentView.swift; sourceTree = "<group>"; };
		D0BEACCDB4D839064460187A /* Renderer.swift */ = {isa = PBXFileReference; name = Renderer.swift; path = apps/visionos/Renderer.swift; sourceTree = "<group>"; };
/* End PBXFileReference section */

/* Begin PBXFrameworksBuildPhase section */
		0E7AD0542E1F81BC005AD02D /* Frameworks */ = {
			isa = PBXFrameworksBuildPhase;
			buildActionMask = 2147483647;
			files = (
				0E7AD0632E1F81BF005AD02E /* ClaudeIntegration in Frameworks */,
			);
			runOnlyForDeploymentPostprocessing = 0;
		};
		0E98426C2E161A4000928FD2 /* Frameworks */ = {
			isa = PBXFrameworksBuildPhase;
			buildActionMask = 2147483647;
			files = (
				0E9842752E161A4000928FD2 /* RealityKitContent in Frameworks */,
				461443D32E2DEBEC0048F5E7 /* ClaudeIntegration in Frameworks */,
			);
			runOnlyForDeploymentPostprocessing = 0;
		};
/* End PBXFrameworksBuildPhase section */

/* Begin PBXGroup section */
		0E1056742E9ACCA4007EE69B /* Documentation */ = {
			isa = PBXGroup;
			children = (
				0E1056732E9ACCA4007EE69B /* RefactoringPlan.md */,
			);
			path = Documentation;
			sourceTree = "<group>";
		};
		0E1056762E9ACCA4007EE69B /* UseCases */ = {
			isa = PBXGroup;
			children = (
				0E1056752E9ACCA4007EE69B /* SendMessageUseCase.swift */,
			);
			path = UseCases;
			sourceTree = "<group>";
		};
		0E1056772E9ACCA4007EE69B /* Domain */ = {
			isa = PBXGroup;
			children = (
				0E1056762E9ACCA4007EE69B /* UseCases */,
			);
			path = Domain;
			sourceTree = "<group>";
		};
		0E10567A2E9ACCA4007EE69B /* Models */ = {
			isa = PBXGroup;
			children = (
				0E1056782E9ACCA4007EE69B /* ChatSession.swift */,
				0E1056792E9ACCA4007EE69B /* WorkingDirectoryManager.swift */,
			);
			path = Models;
			sourceTree = "<group>";
		};
		0E10567C2E9ACCA4007EE69B /* API */ = {
			isa = PBXGroup;
			children = (
				0E10567B2E9ACCA4007EE69B /* ClaudeAPIService.swift */,
			);
			path = API;
			sourceTree = "<group>";
		};
		0E10567E2E9ACCA4007EE69B /* Chat */ = {
			isa = PBXGroup;
			children = (
				0E10567D2E9ACCA4007EE69B /* MessageService.swift */,
			);
			path = Chat;
			sourceTree = "<group>";
		};
		0E1056802E9ACCA4007EE69B /* Logging */ = {
			isa = PBXGroup;
			children = (
				0E10567F2E9ACCA4007EE69B /* LoggingService.swift */,
			);
			path = Logging;
			sourceTree = "<group>";
		};
		0E1056822E9ACCA4007EE69B /* Session */ = {
			isa = PBXGroup;
			children = (
				0E1056812E9ACCA4007EE69B /* SessionService.swift */,
			);
			path = Session;
			sourceTree = "<group>";
		};
		0E1056842E9ACCA4007EE69B /* Services */ = {
			isa = PBXGroup;
			children = (
				0E10567C2E9ACCA4007EE69B /* API */,
				0E10567E2E9ACCA4007EE69B /* Chat */,
				0E1056802E9ACCA4007EE69B /* Logging */,
				0E1056822E9ACCA4007EE69B /* Session */,
				0E1056832E9ACCA4007EE69B /* RetryManager.swift */,
			);
			path = Services;
			sourceTree = "<group>";
		};
		0E10568D2E9ACCA4007EE69B /* Views */ = {
			isa = PBXGroup;
			children = (
				0E1056852E9ACCA4007EE69B /* ErrorBannerView.swift */,
				0E1056862E9ACCA4007EE69B /* FileBrowserView.swift */,
				0E1056872E9ACCA4007EE69B /* InputStatusView.swift */,
				0E1056882E9ACCA4007EE69B /* SessionListView.swift */,
				0E1056892E9ACCA4007EE69B /* ShortcutHelpView.swift */,
				0E10568A2E9ACCA4007EE69B /* StreamingMessageView.swift */,
				0E10568B2E9ACCA4007EE69B /* TokenCounterView.swift */,
				0E10568C2E9ACCA4007EE69B /* WorkingDirectoryView.swift */,
			);
			path = Views;
			sourceTree = "<group>";
		};
		0E10569A2E9ACCA4007EE69B /* macos */ = {
			isa = PBXGroup;
			children = (
				0E1056742E9ACCA4007EE69B /* Documentation */,
				0E1056772E9ACCA4007EE69B /* Domain */,
				0E10567A2E9ACCA4007EE69B /* Models */,
				0E1056842E9ACCA4007EE69B /* Services */,
				0E10568D2E9ACCA4007EE69B /* Views */,
				0E10568F2E9ACCA4007EE69B /* ChatViewModel.swift */,
				0E1056912E9ACCA4007EE69B /* ChatViewModelMigration.swift */,
				0E1056922E9ACCA4007EE69B /* ContentView.swift */,
				0E1056932E9ACCA4007EE69B /* ContentViewWithConsole.swift */,
				0E1056942E9ACCA4007EE69B /* Info.plist */,
				0E1056952E9ACCA4007EE69B /* Info-iPad.plist */,
				0E1056962E9ACCA4007EE69B /* Vantage_iPad.entitlements */,
				0E1056972E9ACCA4007EE69B /* Vantage_Mac.entitlements */,
				0E1056982E9ACCA4007EE69B /* VantageIPad.swift */,
				0E1056992E9ACCA4007EE69B /* VantageMac.swift */,
			);
			path = macos;
			sourceTree = "<group>";
		};
		0E9842662E161A4000928FD2 = {
			isa = PBXGroup;
			children = (
				0E10569A2E9ACCA4007EE69B /* macos */,
				0E9842722E161A4000928FD2 /* Packages */,
				461443D12E2DEBEC0048F5E7 /* Frameworks */,
				0E9842702E161A4000928FD2 /* Products */,
				76154490EF01219707965A2B /* VantageApp.swift */,
				612D2F0226BAC73852092C51 /* AppModel.swift */,
				9C9EFABC5E50914B4521DE1D /* ContentView.swift */,
				D0BEACCDB4D839064460187A /* Renderer.swift */,
				8560795FF64D8B9772521046 /* ToggleImmersiveSpaceButton.swift */,
				5CD9F07B319472023C423B13 /* Shaders.metal */,
				50CDA1B24AC987A1F77DF251 /* ShaderTypes.h */,
			);
			sourceTree = "<group>";
		};
		0E9842702E161A4000928FD2 /* Products */ = {
			isa = PBXGroup;
			children = (
				0E98426F2E161A4000928FD2 /* Vantage Vision.app */,
				0E7AD0572E1F81BC005AD02D /* Vantage Point for Mac.app */,
			);
			name = Products;
			sourceTree = "<group>";
		};
		0E9842722E161A4000928FD2 /* Packages */ = {
			isa = PBXGroup;
			children = (
				0E9842732E161A4000928FD2 /* RealityKitContent */,
			);
			path = Packages;
			sourceTree = "<group>";
		};
		461443D12E2DEBEC0048F5E7 /* Frameworks */ = {
			isa = PBXGroup;
			children = (
				0EDC41542E91B3E500B83939 /* RealityKit.framework */,
			);
			name = Frameworks;
			sourceTree = "<group>";
		};
/* End PBXGroup section */

/* Begin PBXHeadersBuildPhase section */
		54723947501C48F8C94FC5E7 /* Headers */ = {
			isa = PBXHeadersBuildPhase;
			buildActionMask = 2147483647;
			files = (
				3BA11150742B2FB1615C5D7E /* ShaderTypes.h in Headers */,
			);
			runOnlyForDeploymentPostprocessing = 0;
		};
/* End PBXHeadersBuildPhase section */

/* Begin PBXNativeTarget section */
		0E7AD0562E1F81BC005AD02D /* Vantage Point for Mac */ = {
			isa = PBXNativeTarget;
			buildConfigurationList = 0E7AD0602E1F81BE005AD02D /* Build configuration list for PBXNativeTarget "Vantage Point for Mac" */;
			buildPhases = (
				0E7AD0532E1F81BC005AD02D /* Sources */,
				0E7AD0542E1F81BC005AD02D /* Frameworks */,
				0E7AD0552E1F81BC005AD02D /* Resources */,
			);
			buildRules = (
			);
			dependencies = (
			);
			name = "Vantage Point for Mac";
			packageProductDependencies = (
				0E7AD0632E1F81BF005AD02D /* ClaudeIntegration */,
			);
			productName = "Vantage Mac";
			productReference = 0E7AD0572E1F81BC005AD02D /* Vantage Point for Mac.app */;
			productType = "com.apple.product-type.application";
		};
		0E98426E2E161A4000928FD2 /* Vantage Vision */ = {
			isa = PBXNativeTarget;
			buildConfigurationList = 0E9842912E161A4100928FD2 /* Build configuration list for PBXNativeTarget "Vantage Vision" */;
			buildPhases = (
				0E98426B2E161A4000928FD2 /* Sources */,
				0E98426C2E161A4000928FD2 /* Frameworks */,
				0E98426D2E161A4000928FD2 /* Resources */,
				54723947501C48F8C94FC5E7 /* Headers */,
			);
			buildRules = (
			);
			dependencies = (
			);
			name = "Vantage Vision";
			packageProductDependencies = (
				0E9842742E161A4000928FD2 /* RealityKitContent */,
				461443D22E2DEBEC0048F5E7 /* ClaudeIntegration */,
			);
			productName = Vantage;
			productReference = 0E98426F2E161A4000928FD2 /* Vantage Vision.app */;
			productType = "com.apple.product-type.application";
		};
/* End PBXNativeTarget section */

/* Begin PBXProject section */
		0E9842672E161A4000928FD2 /* Project object */ = {
			isa = PBXProject;
			attributes = {
				BuildIndependentTargetsInParallel = 1;
				LastSwiftUpdateCheck = 1640;
				LastUpgradeCheck = 1640;
				TargetAttributes = {
					0E7AD0562E1F81BC005AD02D = {
						CreatedOnToolsVersion = 16.4;
					};
					0E98426E2E161A4000928FD2 = {
						CreatedOnToolsVersion = 16.4;
					};
				};
			};
			buildConfigurationList = 0E98426A2E161A4000928FD2 /* Build configuration list for PBXProject "Vantage" */;
			developmentRegion = ja;
			hasScannedForEncodings = 0;
			knownRegions = (
				en,
				Base,
				ja,
			);
			mainGroup = 0E9842662E161A4000928FD2;
			minimizedProjectReferenceProxies = 1;
			packageReferences = (
				0EDC414E2E91B31200B83939 /* XCLocalSwiftPackageReference "Packages/claude-integration" */,
				0E9842732E161A4000928FD3 /* XCLocalSwiftPackageReference "Packages/reality-kit-content" */,
			);
			preferredProjectObjectVersion = 77;
			productRefGroup = 0E9842702E161A4000928FD2 /* Products */;
			projectDirPath = "";
			projectRoot = "";
			targets = (
				0E98426E2E161A4000928FD2 /* Vantage Vision */,
				0E7AD0562E1F81BC005AD02D /* Vantage Point for Mac */,
			);
		};
/* End PBXProject section */

/* Begin PBXResourcesBuildPhase section */
		0E7AD0552E1F81BC005AD02D /* Resources */ = {
			isa = PBXResourcesBuildPhase;
			buildActionMask = 2147483647;
			files = (
				0E10569B2E9ACCA4007EE69B /* Info-iPad.plist in Resources */,
				0E10569C2E9ACCA4007EE69B /* RefactoringPlan.md in Resources */,
				0E10569D2E9ACCA4007EE69B /* Info.plist in Resources */,
			);
			runOnlyForDeploymentPostprocessing = 0;
		};
		0E98426D2E161A4000928FD2 /* Resources */ = {
			isa = PBXResourcesBuildPhase;
			buildActionMask = 2147483647;
			files = (
				84998C65F078C4DD514E90A1 /* Shaders.metal in Resources */,
			);
			runOnlyForDeploymentPostprocessing = 0;
		};
/* End PBXResourcesBuildPhase section */

/* Begin PBXSourcesBuildPhase section */
		0E7AD0532E1F81BC005AD02D /* Sources */ = {
			isa = PBXSourcesBuildPhase;
			buildActionMask = 2147483647;
			files = (
				0E10569E2E9ACCA4007EE69B /* ShortcutHelpView.swift in Sources */,
				0E10569F2E9ACCA4007EE69B /* ClaudeAPIService.swift in Sources */,
				0E1056A02E9ACCA4007EE69B /* ErrorBannerView.swift in Sources */,
				0E1056A12E9ACCA4007EE69B /* VantageMac.swift in Sources */,
				0E1056A22E9ACCA4007EE69B /* StreamingMessageView.swift in Sources */,
				0E1056A32E9ACCA4007EE69B /* SessionListView.swift in Sources */,
				0E1056A52E9ACCA4007EE69B /* LoggingService.swift in Sources */,
				0E1056A62E9ACCA4007EE69B /* WorkingDirectoryManager.swift in Sources */,
				0E1056A72E9ACCA4007EE69B /* ContentViewWithConsole.swift in Sources */,
				0E1056A82E9ACCA4007EE69B /* SessionService.swift in Sources */,
				0E1056A92E9ACCA4007EE69B /* InputStatusView.swift in Sources */,
				0E1056AA2E9ACCA4007EE69B /* MessageService.swift in Sources */,
				0E1056AB2E9ACCA4007EE69B /* ChatSession.swift in Sources */,
				0E1056AC2E9ACCA4007EE69B /* WorkingDirectoryView.swift in Sources */,
				0E1056AD2E9ACCA4007EE69B /* TokenCounterView.swift in Sources */,
				0E1056AE2E9ACCA4007EE69B /* RetryManager.swift in Sources */,
				0E1056AF2E9ACCA4007EE69B /* FileBrowserView.swift in Sources */,
				0E1056B02E9ACCA4007EE69B /* ContentView.swift in Sources */,
				0E1056B12E9ACCA4007EE69B /* VantageIPad.swift in Sources */,
				0E1056B32E9ACCA4007EE69B /* ChatViewModelMigration.swift in Sources */,
				0E1056B42E9ACCA4007EE69B /* ChatViewModel.swift in Sources */,
				0E1056B52E9ACCA4007EE69B /* SendMessageUseCase.swift in Sources */,
			);
			runOnlyForDeploymentPostprocessing = 0;
		};
		0E98426B2E161A4000928FD2 /* Sources */ = {
			isa = PBXSourcesBuildPhase;
			buildActionMask = 2147483647;
			files = (
				694049BA24ECAD1B397E502C /* VantageApp.swift in Sources */,
				CDFBB15AC6E82C567F22DC4B /* AppModel.swift in Sources */,
				2B4E877894326FFBE1224E27 /* ContentView.swift in Sources */,
				95B0792114EB04C66766DFFF /* Renderer.swift in Sources */,
				A07C7B2A5BF9CC8B285F85BC /* ToggleImmersiveSpaceButton.swift in Sources */,
			);
			runOnlyForDeploymentPostprocessing = 0;
		};
/* End PBXSourcesBuildPhase section */

/* Begin PBXTargetDependency section */
/* End PBXTargetDependency section */

/* Begin XCBuildConfiguration section */
		0E7AD0612E1F81BE005AD02D /* Debug */ = {
			isa = XCBuildConfiguration;
			buildSettings = {
				ASSETCATALOG_COMPILER_APPICON_NAME = AppIcon;
				ASSETCATALOG_COMPILER_GLOBAL_ACCENT_COLOR_NAME = AccentColor;
				ASSETCATALOG_COMPILER_INCLUDE_ALL_APPICON_ASSETS = NO;
				CODE_SIGN_ENTITLEMENTS = apps/macos/Vantage_Mac.entitlements;
				"CODE_SIGN_IDENTITY[sdk=macosx*]" = "-";
				CODE_SIGN_STYLE = Automatic;
				COMBINE_HIDPI_IMAGES = YES;
				CURRENT_PROJECT_VERSION = 1;
				DEVELOPMENT_TEAM = 3EQKG4B352;
				ENABLE_HARDENED_RUNTIME = YES;
				ENABLE_PREVIEWS = YES;
				GENERATE_INFOPLIST_FILE = YES;
				INFOPLIST_KEY_CFBundleDisplayName = "Vantage Point for Mac";
				INFOPLIST_KEY_LSApplicationCategoryType = "public.app-category.developer-tools";
				INFOPLIST_KEY_NSHumanReadableCopyright = "Anycreative Inc";
				LD_RUNPATH_SEARCH_PATHS = (
					"$(inherited)",
					"@executable_path/../Frameworks",
				);
				MACOSX_DEPLOYMENT_TARGET = 26.0;
				MARKETING_VERSION = 1.0;
				PRODUCT_BUNDLE_IDENTIFIER = "club.chronista.Vantage-Point-For-Mac";
				PRODUCT_NAME = "$(TARGET_NAME)";
				REGISTER_APP_GROUPS = YES;
				SDKROOT = macosx;
				SWIFT_EMIT_LOC_STRINGS = YES;
				SWIFT_VERSION = 6.0;
			};
			name = Debug;
		};
		0E7AD0622E1F81BE005AD02D /* Release */ = {
			isa = XCBuildConfiguration;
			buildSettings = {
				ASSETCATALOG_COMPILER_APPICON_NAME = AppIcon;
				ASSETCATALOG_COMPILER_GLOBAL_ACCENT_COLOR_NAME = AccentColor;
				ASSETCATALOG_COMPILER_INCLUDE_ALL_APPICON_ASSETS = NO;
				CODE_SIGN_ENTITLEMENTS = apps/macos/Vantage_Mac.entitlements;
				"CODE_SIGN_IDENTITY[sdk=macosx*]" = "-";
				CODE_SIGN_STYLE = Automatic;
				COMBINE_HIDPI_IMAGES = YES;
				CURRENT_PROJECT_VERSION = 1;
				DEVELOPMENT_TEAM = 3EQKG4B352;
				ENABLE_HARDENED_RUNTIME = YES;
				ENABLE_PREVIEWS = YES;
				GENERATE_INFOPLIST_FILE = YES;
				INFOPLIST_KEY_CFBundleDisplayName = "Vantage Point for Mac";
				INFOPLIST_KEY_LSApplicationCategoryType = "public.app-category.developer-tools";
				INFOPLIST_KEY_NSHumanReadableCopyright = "Anycreative Inc";
				LD_RUNPATH_SEARCH_PATHS = (
					"$(inherited)",
					"@executable_path/../Frameworks",
				);
				MACOSX_DEPLOYMENT_TARGET = 26.0;
				MARKETING_VERSION = 1.0;
				PRODUCT_BUNDLE_IDENTIFIER = "club.chronista.Vantage-Point-For-Mac";
				PRODUCT_NAME = "$(TARGET_NAME)";
				REGISTER_APP_GROUPS = YES;
				SDKROOT = macosx;
				SWIFT_EMIT_LOC_STRINGS = YES;
				SWIFT_VERSION = 6.0;
			};
			name = Release;
		};
		0E9842922E161A4100928FD2 /* Debug */ = {
			isa = XCBuildConfiguration;
			buildSettings = {
				ASSETCATALOG_COMPILER_APPICON_NAME = AppIcon;
				ASSETCATALOG_COMPILER_GLOBAL_ACCENT_COLOR_NAME = AccentColor;
				CODE_SIGN_STYLE = Automatic;
				CURRENT_PROJECT_VERSION = 1;
				DEVELOPMENT_TEAM = 3EQKG4B352;
				ENABLE_PREVIEWS = YES;
				GENERATE_INFOPLIST_FILE = YES;
				INFOPLIST_FILE = apps/visionos/Info.plist;
				LD_RUNPATH_SEARCH_PATHS = (
					"$(inherited)",
					"@executable_path/Frameworks",
				);
				MARKETING_VERSION = 1.0;
				PRODUCT_BUNDLE_IDENTIFIER = club.chronista.Vantage;
				PRODUCT_NAME = "$(TARGET_NAME)";
				SUPPORTED_PLATFORMS = "xros xrsimulator";
				SWIFT_EMIT_LOC_STRINGS = YES;
				SWIFT_OBJC_BRIDGING_HEADER = apps/visionos/ShaderTypes.h;
				SWIFT_VERSION = 5.0;
				TARGETED_DEVICE_FAMILY = 7;
			};
			name = Debug;
		};
		0E9842932E161A4100928FD2 /* Release */ = {
			isa = XCBuildConfiguration;
			buildSettings = {
				ASSETCATALOG_COMPILER_APPICON_NAME = AppIcon;
				ASSETCATALOG_COMPILER_GLOBAL_ACCENT_COLOR_NAME = AccentColor;
				CODE_SIGN_STYLE = Automatic;
				CURRENT_PROJECT_VERSION = 1;
				DEVELOPMENT_TEAM = 3EQKG4B352;
				ENABLE_PREVIEWS = YES;
				GENERATE_INFOPLIST_FILE = YES;
				INFOPLIST_FILE = apps/visionos/Info.plist;
				LD_RUNPATH_SEARCH_PATHS = (
					"$(inherited)",
					"@executable_path/Frameworks",
				);
				MARKETING_VERSION = 1.0;
				PRODUCT_BUNDLE_IDENTIFIER = club.chronista.Vantage;
				PRODUCT_NAME = "$(TARGET_NAME)";
				SUPPORTED_PLATFORMS = "xros xrsimulator";
				SWIFT_EMIT_LOC_STRINGS = YES;
				SWIFT_OBJC_BRIDGING_HEADER = apps/visionos/ShaderTypes.h;
				SWIFT_VERSION = 5.0;
				TARGETED_DEVICE_FAMILY = 7;
			};
			name = Release;
		};
		0E9842942E161A4100928FD2 /* Debug */ = {
			isa = XCBuildConfiguration;
			buildSettings = {
				ALWAYS_SEARCH_USER_PATHS = NO;
				ASSETCATALOG_COMPILER_GENERATE_SWIFT_ASSET_SYMBOL_EXTENSIONS = YES;
				CLANG_ANALYZER_NONNULL = YES;
				CLANG_ANALYZER_NUMBER_OBJECT_CONVERSION = YES_AGGRESSIVE;
				CLANG_CXX_LANGUAGE_STANDARD = "gnu++20";
				CLANG_ENABLE_MODULES = YES;
				CLANG_ENABLE_OBJC_ARC = YES;
				CLANG_ENABLE_OBJC_WEAK = YES;
				CLANG_WARN_BLOCK_CAPTURE_AUTORELEASING = YES;
				CLANG_WARN_BOOL_CONVERSION = YES;
				CLANG_WARN_COMMA = YES;
				CLANG_WARN_CONSTANT_CONVERSION = YES;
				CLANG_WARN_DEPRECATED_OBJC_IMPLEMENTATIONS = YES;
				CLANG_WARN_DIRECT_OBJC_ISA_USAGE = YES_ERROR;
				CLANG_WARN_DOCUMENTATION_COMMENTS = YES;
				CLANG_WARN_EMPTY_BODY = YES;
				CLANG_WARN_ENUM_CONVERSION = YES;
				CLANG_WARN_INFINITE_RECURSION = YES;
				CLANG_WARN_INT_CONVERSION = YES;
				CLANG_WARN_NON_LITERAL_NULL_CONVERSION = YES;
				CLANG_WARN_OBJC_IMPLICIT_RETAIN_SELF = YES;
				CLANG_WARN_OBJC_LITERAL_CONVERSION = YES;
				CLANG_WARN_OBJC_ROOT_CLASS = YES_ERROR;
				CLANG_WARN_QUOTED_INCLUDE_IN_FRAMEWORK_HEADER = YES;
				CLANG_WARN_RANGE_LOOP_ANALYSIS = YES;
				CLANG_WARN_STRICT_PROTOTYPES = YES;
				CLANG_WARN_SUSPICIOUS_MOVE = YES;
				CLANG_WARN_UNGUARDED_AVAILABILITY = YES_AGGRESSIVE;
				CLANG_WARN_UNREACHABLE_CODE = YES;
				CLANG_WARN__DUPLICATE_METHOD_MATCH = YES;
				COPY_PHASE_STRIP = NO;
				DEBUG_INFORMATION_FORMAT = dwarf;
				DEVELOPMENT_TEAM = J627YTC8NE;
				ENABLE_STRICT_OBJC_MSGSEND = YES;
				ENABLE_TESTABILITY = YES;
				ENABLE_USER_SCRIPT_SANDBOXING = YES;
				GCC_C_LANGUAGE_STANDARD = gnu17;
				GCC_DYNAMIC_NO_PIC = NO;
				GCC_NO_COMMON_BLOCKS = YES;
				GCC_OPTIMIZATION_LEVEL = 0;
				GCC_PREPROCESSOR_DEFINITIONS = (
					"DEBUG=1",
					"$(inherited)",
				);
				GCC_WARN_64_TO_32_BIT_CONVERSION = YES;
				GCC_WARN_ABOUT_RETURN_TYPE = YES_ERROR;
				GCC_WARN_UNDECLARED_SELECTOR = YES;
				GCC_WARN_UNINITIALIZED_AUTOS = YES_AGGRESSIVE;
				GCC_WARN_UNUSED_FUNCTION = YES;
				GCC_WARN_UNUSED_VARIABLE = YES;
				LOCALIZATION_PREFERS_STRING_CATALOGS = YES;
				MTL_ENABLE_DEBUG_INFO = INCLUDE_SOURCE;
				MTL_FAST_MATH = YES;
				ONLY_ACTIVE_ARCH = YES;
				SDKROOT = xros;
				SWIFT_ACTIVE_COMPILATION_CONDITIONS = "DEBUG $(inherited)";
				SWIFT_OPTIMIZATION_LEVEL = "-Onone";
				SWIFT_VERSION = 6.0;
				XROS_DEPLOYMENT_TARGET = 2.5;
			};
			name = Debug;
		};
		0E9842952E161A4100928FD2 /* Release */ = {
			isa = XCBuildConfiguration;
			buildSettings = {
				ALWAYS_SEARCH_USER_PATHS = NO;
				ASSETCATALOG_COMPILER_GENERATE_SWIFT_ASSET_SYMBOL_EXTENSIONS = YES;
				CLANG_ANALYZER_NONNULL = YES;
				CLANG_ANALYZER_NUMBER_OBJECT_CONVERSION = YES_AGGRESSIVE;
				CLANG_CXX_LANGUAGE_STANDARD = "gnu++20";
				CLANG_ENABLE_MODULES = YES;
				CLANG_ENABLE_OBJC_ARC = YES;
				CLANG_ENABLE_OBJC_WEAK = YES;
				CLANG_WARN_BLOCK_CAPTURE_AUTORELEASING = YES;
				CLANG_WARN_BOOL_CONVERSION = YES;
				CLANG_WARN_COMMA = YES;
				CLANG_WARN_CONSTANT_CONVERSION = YES;
				CLANG_WARN_DEPRECATED_OBJC_IMPLEMENTATIONS = YES;
				CLANG_WARN_DIRECT_OBJC_ISA_USAGE = YES_ERROR;
				CLANG_WARN_DOCUMENTATION_COMMENTS = YES;
				CLANG_WARN_EMPTY_BODY = YES;
				CLANG_WARN_ENUM_CONVERSION = YES;
				CLANG_WARN_INFINITE_RECURSION = YES;
				CLANG_WARN_INT_CONVERSION = YES;
				CLANG_WARN_NON_LITERAL_NULL_CONVERSION = YES;
				CLANG_WARN_OBJC_IMPLICIT_RETAIN_SELF = YES;
				CLANG_WARN_OBJC_LITERAL_CONVERSION = YES;
				CLANG_WARN_OBJC_ROOT_CLASS = YES_ERROR;
				CLANG_WARN_QUOTED_INCLUDE_IN_FRAMEWORK_HEADER = YES;
				CLANG_WARN_RANGE_LOOP_ANALYSIS = YES;
				CLANG_WARN_STRICT_PROTOTYPES = YES;
				CLANG_WARN_SUSPICIOUS_MOVE = YES;
				CLANG_WARN_UNGUARDED_AVAILABILITY = YES_AGGRESSIVE;
				CLANG_WARN_UNREACHABLE_CODE = YES;
				CLANG_WARN__DUPLICATE_METHOD_MATCH = YES;
				COPY_PHASE_STRIP = NO;
				DEBUG_INFORMATION_FORMAT = "dwarf-with-dsym";
				DEVELOPMENT_TEAM = J627YTC8NE;
				ENABLE_NS_ASSERTIONS = NO;
				ENABLE_STRICT_OBJC_MSGSEND = YES;
				ENABLE_USER_SCRIPT_SANDBOXING = YES;
				GCC_C_LANGUAGE_STANDARD = gnu17;
				GCC_NO_COMMON_BLOCKS = YES;
				GCC_WARN_64_TO_32_BIT_CONVERSION = YES;
				GCC_WARN_ABOUT_RETURN_TYPE = YES_ERROR;
				GCC_WARN_UNDECLARED_SELECTOR = YES;
				GCC_WARN_UNINITIALIZED_AUTOS = YES_AGGRESSIVE;
				GCC_WARN_UNUSED_FUNCTION = YES;
				GCC_WARN_UNUSED_VARIABLE = YES;
				LOCALIZATION_PREFERS_STRING_CATALOGS = YES;
				MTL_ENABLE_DEBUG_INFO = NO;
				MTL_FAST_MATH = YES;
				SDKROOT = xros;
				SWIFT_COMPILATION_MODE = wholemodule;
				SWIFT_VERSION = 6.0;
				VALIDATE_PRODUCT = YES;
				XROS_DEPLOYMENT_TARGET = 2.5;
			};
			name = Release;
		};
/* End XCBuildConfiguration section */

/* Begin XCConfigurationList section */
		0E7AD0602E1F81BE005AD02D /* Build configuration list for PBXNativeTarget "Vantage Point for Mac" */ = {
			isa = XCConfigurationList;
			buildConfigurations = (
				0E7AD0612E1F81BE005AD02D /* Debug */,
				0E7AD0622E1F81BE005AD02D /* Release */,
			);
			defaultConfigurationIsVisible = 0;
			defaultConfigurationName = Release;
		};
		0E98426A2E161A4000928FD2 /* Build configuration list for PBXProject "Vantage" */ = {
			isa = XCConfigurationList;
			buildConfigurations = (
				0E9842942E161A4100928FD2 /* Debug */,
				0E9842952E161A4100928FD2 /* Release */,
			);
			defaultConfigurationIsVisible = 0;
			defaultConfigurationName = Release;
		};
		0E9842912E161A4100928FD2 /* Build configuration list for PBXNativeTarget "Vantage Vision" */ = {
			isa = XCConfigurationList;
			buildConfigurations = (
				0E9842922E161A4100928FD2 /* Debug */,
				0E9842932E161A4100928FD2 /* Release */,
			);
			defaultConfigurationIsVisible = 0;
			defaultConfigurationName = Release;
		};
/* End XCConfigurationList section */

/* Begin XCLocalSwiftPackageReference section */
		0E9842732E161A4000928FD3 /* XCLocalSwiftPackageReference "Packages/reality-kit-content" */ = {
			isa = XCLocalSwiftPackageReference;
			relativePath = "Packages/reality-kit-content";
		};
		0EDC414E2E91B31200B83939 /* XCLocalSwiftPackageReference "Packages/claude-integration" */ = {
			isa = XCLocalSwiftPackageReference;
			relativePath = "Packages/claude-integration";
		};
/* End XCLocalSwiftPackageReference section */

/* Begin XCSwiftPackageProductDependency section */
		0E7AD0632E1F81BF005AD02D /* ClaudeIntegration */ = {
			isa = XCSwiftPackageProductDependency;
			productName = ClaudeIntegration;
		};
		0E9842742E161A4000928FD2 /* RealityKitContent */ = {
			isa = XCSwiftPackageProductDependency;
			productName = RealityKitContent;
		};
		461443D22E2DEBEC0048F5E7 /* ClaudeIntegration */ = {
			isa = XCSwiftPackageProductDependency;
			productName = ClaudeIntegration;
		};
/* End XCSwiftPackageProductDependency section */
	};
	rootObject = 0E9842672E161A4000928FD2 /* Project object */;
}
