// !$*UTF8*$!
{
	archiveVersion = 1;
	classes = {
	};
	objectVersion = 77;
	objects = {

/* Begin PBXBuildFile section */
		0E4F177A2E1E8BA200ED6958 /* ClaudeAPI in Frameworks */ = {isa = PBXBuildFile; productRef = 0E4F17792E1E8BA200ED6958 /* ClaudeAPI */; };
		0E7AD0522E1F8161005AD02D /* ClaudeAPI in Frameworks */ = {isa = PBXBuildFile; productRef = 0E7AD0512E1F8161005AD02D /* ClaudeAPI */; };
		0E9842752E161A4000928FD2 /* RealityKitContent in Frameworks */ = {isa = PBXBuildFile; productRef = 0E9842742E161A4000928FD2 /* RealityKitContent */; };
/* End PBXBuildFile section */

/* Begin PBXContainerItemProxy section */
		0E98428B2E161A4100928FD2 /* PBXContainerItemProxy */ = {
			isa = PBXContainerItemProxy;
			containerPortal = 0E9842672E161A4000928FD2 /* Project object */;
			proxyType = 1;
			remoteGlobalIDString = 0E98426E2E161A4000928FD2;
			remoteInfo = Vantage;
		};
/* End PBXContainerItemProxy section */

/* Begin PBXFileReference section */
		0E7AD0572E1F81BC005AD02D /* Vantage Mac.app */ = {isa = PBXFileReference; explicitFileType = wrapper.application; includeInIndex = 0; path = "Vantage Mac.app"; sourceTree = BUILT_PRODUCTS_DIR; };
		0E98426F2E161A4000928FD2 /* Vantage.app */ = {isa = PBXFileReference; explicitFileType = wrapper.application; includeInIndex = 0; path = Vantage.app; sourceTree = BUILT_PRODUCTS_DIR; };
		0E9842732E161A4000928FD2 /* RealityKitContent */ = {isa = PBXFileReference; lastKnownFileType = wrapper; path = RealityKitContent; sourceTree = "<group>"; };
		0E98428A2E161A4100928FD2 /* VantageTests.xctest */ = {isa = PBXFileReference; explicitFileType = wrapper.cfbundle; includeInIndex = 0; path = VantageTests.xctest; sourceTree = BUILT_PRODUCTS_DIR; };
/* End PBXFileReference section */

/* Begin PBXFileSystemSynchronizedBuildFileExceptionSet section */
		0E9842902E161A4100928FD2 /* Exceptions for "Vantage" folder in "Vantage" target */ = {
			isa = PBXFileSystemSynchronizedBuildFileExceptionSet;
			membershipExceptions = (
				Info.plist,
			);
			target = 0E98426E2E161A4000928FD2 /* Vantage */;
		};
/* End PBXFileSystemSynchronizedBuildFileExceptionSet section */

/* Begin PBXFileSystemSynchronizedRootGroup section */
		0E7AD0582E1F81BC005AD02D /* Vantage Mac */ = {
			isa = PBXFileSystemSynchronizedRootGroup;
			path = "Vantage Mac";
			sourceTree = "<group>";
		};
		0E9842712E161A4000928FD2 /* Vantage */ = {
			isa = PBXFileSystemSynchronizedRootGroup;
			exceptions = (
				0E9842902E161A4100928FD2 /* Exceptions for "Vantage" folder in "Vantage" target */,
			);
			path = Vantage;
			sourceTree = "<group>";
		};
		0E98428D2E161A4100928FD2 /* VantageTests */ = {
			isa = PBXFileSystemSynchronizedRootGroup;
			path = VantageTests;
			sourceTree = "<group>";
		};
/* End PBXFileSystemSynchronizedRootGroup section */

/* Begin PBXFrameworksBuildPhase section */
		0E7AD0542E1F81BC005AD02D /* Frameworks */ = {
			isa = PBXFrameworksBuildPhase;
			buildActionMask = 2147483647;
			files = (
			);
			runOnlyForDeploymentPostprocessing = 0;
		};
		0E98426C2E161A4000928FD2 /* Frameworks */ = {
			isa = PBXFrameworksBuildPhase;
			buildActionMask = 2147483647;
			files = (
				0E9842752E161A4000928FD2 /* RealityKitContent in Frameworks */,
				0E7AD0522E1F8161005AD02D /* ClaudeAPI in Frameworks */,
				0E4F177A2E1E8BA200ED6958 /* ClaudeAPI in Frameworks */,
			);
			runOnlyForDeploymentPostprocessing = 0;
		};
		0E9842872E161A4100928FD2 /* Frameworks */ = {
			isa = PBXFrameworksBuildPhase;
			buildActionMask = 2147483647;
			files = (
			);
			runOnlyForDeploymentPostprocessing = 0;
		};
/* End PBXFrameworksBuildPhase section */

/* Begin PBXGroup section */
		0E9842662E161A4000928FD2 = {
			isa = PBXGroup;
			children = (
				0E9842712E161A4000928FD2 /* Vantage */,
				0E9842722E161A4000928FD2 /* Packages */,
				0E98428D2E161A4100928FD2 /* VantageTests */,
				0E7AD0582E1F81BC005AD02D /* Vantage Mac */,
				0E9842702E161A4000928FD2 /* Products */,
			);
			sourceTree = "<group>";
		};
		0E9842702E161A4000928FD2 /* Products */ = {
			isa = PBXGroup;
			children = (
				0E98426F2E161A4000928FD2 /* Vantage.app */,
				0E98428A2E161A4100928FD2 /* VantageTests.xctest */,
				0E7AD0572E1F81BC005AD02D /* Vantage Mac.app */,
			);
			name = Products;
			sourceTree = "<group>";
		};
		0E9842722E161A4000928FD2 /* Packages */ = {
			isa = PBXGroup;
			children = (
				0E9842732E161A4000928FD2 /* RealityKitContent */,
			);
			path = Packages;
			sourceTree = "<group>";
		};
/* End PBXGroup section */

/* Begin PBXNativeTarget section */
		0E7AD0562E1F81BC005AD02D /* Vantage Mac */ = {
			isa = PBXNativeTarget;
			buildConfigurationList = 0E7AD0602E1F81BE005AD02D /* Build configuration list for PBXNativeTarget "Vantage Mac" */;
			buildPhases = (
				0E7AD0532E1F81BC005AD02D /* Sources */,
				0E7AD0542E1F81BC005AD02D /* Frameworks */,
				0E7AD0552E1F81BC005AD02D /* Resources */,
			);
			buildRules = (
			);
			dependencies = (
			);
			fileSystemSynchronizedGroups = (
				0E7AD0582E1F81BC005AD02D /* Vantage Mac */,
			);
			name = "Vantage Mac";
			packageProductDependencies = (
			);
			productName = "Vantage Mac";
			productReference = 0E7AD0572E1F81BC005AD02D /* Vantage Mac.app */;
			productType = "com.apple.product-type.application";
		};
		0E98426E2E161A4000928FD2 /* Vantage */ = {
			isa = PBXNativeTarget;
			buildConfigurationList = 0E9842912E161A4100928FD2 /* Build configuration list for PBXNativeTarget "Vantage" */;
			buildPhases = (
				0E98426B2E161A4000928FD2 /* Sources */,
				0E98426C2E161A4000928FD2 /* Frameworks */,
				0E98426D2E161A4000928FD2 /* Resources */,
			);
			buildRules = (
			);
			dependencies = (
			);
			fileSystemSynchronizedGroups = (
				0E9842712E161A4000928FD2 /* Vantage */,
			);
			name = Vantage;
			packageProductDependencies = (
				0E9842742E161A4000928FD2 /* RealityKitContent */,
				0E4F17792E1E8BA200ED6958 /* ClaudeAPI */,
				0E7AD0512E1F8161005AD02D /* ClaudeAPI */,
			);
			productName = Vantage;
			productReference = 0E98426F2E161A4000928FD2 /* Vantage.app */;
			productType = "com.apple.product-type.application";
		};
		0E9842892E161A4100928FD2 /* VantageTests */ = {
			isa = PBXNativeTarget;
			buildConfigurationList = 0E9842962E161A4100928FD2 /* Build configuration list for PBXNativeTarget "VantageTests" */;
			buildPhases = (
				0E9842862E161A4100928FD2 /* Sources */,
				0E9842872E161A4100928FD2 /* Frameworks */,
				0E9842882E161A4100928FD2 /* Resources */,
			);
			buildRules = (
			);
			dependencies = (
				0E98428C2E161A4100928FD2 /* PBXTargetDependency */,
			);
			fileSystemSynchronizedGroups = (
				0E98428D2E161A4100928FD2 /* VantageTests */,
			);
			name = VantageTests;
			packageProductDependencies = (
			);
			productName = VantageTests;
			productReference = 0E98428A2E161A4100928FD2 /* VantageTests.xctest */;
			productType = "com.apple.product-type.bundle.unit-test";
		};
/* End PBXNativeTarget section */

/* Begin PBXProject section */
		0E9842672E161A4000928FD2 /* Project object */ = {
			isa = PBXProject;
			attributes = {
				BuildIndependentTargetsInParallel = 1;
				LastSwiftUpdateCheck = 1640;
				LastUpgradeCheck = 1640;
				TargetAttributes = {
					0E7AD0562E1F81BC005AD02D = {
						CreatedOnToolsVersion = 16.4;
					};
					0E98426E2E161A4000928FD2 = {
						CreatedOnToolsVersion = 16.4;
					};
					0E9842892E161A4100928FD2 = {
						CreatedOnToolsVersion = 16.4;
						TestTargetID = 0E98426E2E161A4000928FD2;
					};
				};
			};
			buildConfigurationList = 0E98426A2E161A4000928FD2 /* Build configuration list for PBXProject "Vantage" */;
			developmentRegion = en;
			hasScannedForEncodings = 0;
			knownRegions = (
				en,
				Base,
			);
			mainGroup = 0E9842662E161A4000928FD2;
			minimizedProjectReferenceProxies = 1;
			packageReferences = (
				0E4F17782E1E8BA200ED6958 /* XCLocalSwiftPackageReference "../Vantage" */,
			);
			preferredProjectObjectVersion = 77;
			productRefGroup = 0E9842702E161A4000928FD2 /* Products */;
			projectDirPath = "";
			projectRoot = "";
			targets = (
				0E98426E2E161A4000928FD2 /* Vantage */,
				0E9842892E161A4100928FD2 /* VantageTests */,
				0E7AD0562E1F81BC005AD02D /* Vantage Mac */,
			);
		};
/* End PBXProject section */

/* Begin PBXResourcesBuildPhase section */
		0E7AD0552E1F81BC005AD02D /* Resources */ = {
			isa = PBXResourcesBuildPhase;
			buildActionMask = 2147483647;
			files = (
			);
			runOnlyForDeploymentPostprocessing = 0;
		};
		0E98426D2E161A4000928FD2 /* Resources */ = {
			isa = PBXResourcesBuildPhase;
			buildActionMask = 2147483647;
			files = (
			);
			runOnlyForDeploymentPostprocessing = 0;
		};
		0E9842882E161A4100928FD2 /* Resources */ = {
			isa = PBXResourcesBuildPhase;
			buildActionMask = 2147483647;
			files = (
			);
			runOnlyForDeploymentPostprocessing = 0;
		};
/* End PBXResourcesBuildPhase section */

/* Begin PBXSourcesBuildPhase section */
		0E7AD0532E1F81BC005AD02D /* Sources */ = {
			isa = PBXSourcesBuildPhase;
			buildActionMask = 2147483647;
			files = (
			);
			runOnlyForDeploymentPostprocessing = 0;
		};
		0E98426B2E161A4000928FD2 /* Sources */ = {
			isa = PBXSourcesBuildPhase;
			buildActionMask = 2147483647;
			files = (
			);
			runOnlyForDeploymentPostprocessing = 0;
		};
		0E9842862E161A4100928FD2 /* Sources */ = {
			isa = PBXSourcesBuildPhase;
			buildActionMask = 2147483647;
			files = (
			);
			runOnlyForDeploymentPostprocessing = 0;
		};
/* End PBXSourcesBuildPhase section */

/* Begin PBXTargetDependency section */
		0E98428C2E161A4100928FD2 /* PBXTargetDependency */ = {
			isa = PBXTargetDependency;
			target = 0E98426E2E161A4000928FD2 /* Vantage */;
			targetProxy = 0E98428B2E161A4100928FD2 /* PBXContainerItemProxy */;
		};
/* End PBXTargetDependency section */

/* Begin XCBuildConfiguration section */
		0E7AD0612E1F81BE005AD02D /* Debug */ = {
			isa = XCBuildConfiguration;
			buildSettings = {
				ASSETCATALOG_COMPILER_APPICON_NAME = AppIcon;
				ASSETCATALOG_COMPILER_GLOBAL_ACCENT_COLOR_NAME = AccentColor;
				CODE_SIGN_ENTITLEMENTS = "Vantage Mac/Vantage_Mac.entitlements";
				CODE_SIGN_STYLE = Automatic;
				COMBINE_HIDPI_IMAGES = YES;
				CURRENT_PROJECT_VERSION = 1;
				DEVELOPMENT_TEAM = J627YTC8NE;
				ENABLE_HARDENED_RUNTIME = YES;
				ENABLE_PREVIEWS = YES;
				GENERATE_INFOPLIST_FILE = YES;
				INFOPLIST_KEY_NSHumanReadableCopyright = "";
				LD_RUNPATH_SEARCH_PATHS = (
					"$(inherited)",
					"@executable_path/../Frameworks",
				);
				MACOSX_DEPLOYMENT_TARGET = 15.5;
				MARKETING_VERSION = 1.0;
				PRODUCT_BUNDLE_IDENTIFIER = "club.chronista.Vantage-Mac";
				PRODUCT_NAME = "$(TARGET_NAME)";
				REGISTER_APP_GROUPS = YES;
				SDKROOT = macosx;
				SWIFT_EMIT_LOC_STRINGS = YES;
				SWIFT_VERSION = 5.0;
			};
			name = Debug;
		};
		0E7AD0622E1F81BE005AD02D /* Release */ = {
			isa = XCBuildConfiguration;
			buildSettings = {
				ASSETCATALOG_COMPILER_APPICON_NAME = AppIcon;
				ASSETCATALOG_COMPILER_GLOBAL_ACCENT_COLOR_NAME = AccentColor;
				CODE_SIGN_ENTITLEMENTS = "Vantage Mac/Vantage_Mac.entitlements";
				CODE_SIGN_STYLE = Automatic;
				COMBINE_HIDPI_IMAGES = YES;
				CURRENT_PROJECT_VERSION = 1;
				DEVELOPMENT_TEAM = J627YTC8NE;
				ENABLE_HARDENED_RUNTIME = YES;
				ENABLE_PREVIEWS = YES;
				GENERATE_INFOPLIST_FILE = YES;
				INFOPLIST_KEY_NSHumanReadableCopyright = "";
				LD_RUNPATH_SEARCH_PATHS = (
					"$(inherited)",
					"@executable_path/../Frameworks",
				);
				MACOSX_DEPLOYMENT_TARGET = 15.5;
				MARKETING_VERSION = 1.0;
				PRODUCT_BUNDLE_IDENTIFIER = "club.chronista.Vantage-Mac";
				PRODUCT_NAME = "$(TARGET_NAME)";
				REGISTER_APP_GROUPS = YES;
				SDKROOT = macosx;
				SWIFT_EMIT_LOC_STRINGS = YES;
				SWIFT_VERSION = 5.0;
			};
			name = Release;
		};
		0E9842922E161A4100928FD2 /* Debug */ = {
			isa = XCBuildConfiguration;
			buildSettings = {
				ASSETCATALOG_COMPILER_APPICON_NAME = AppIcon;
				ASSETCATALOG_COMPILER_GLOBAL_ACCENT_COLOR_NAME = AccentColor;
				CODE_SIGN_STYLE = Automatic;
				CURRENT_PROJECT_VERSION = 1;
				DEVELOPMENT_TEAM = J627YTC8NE;
				ENABLE_PREVIEWS = YES;
				GENERATE_INFOPLIST_FILE = YES;
				INFOPLIST_FILE = "$(TARGET_NAME)/Info.plist";
				LD_RUNPATH_SEARCH_PATHS = (
					"$(inherited)",
					"@executable_path/Frameworks",
				);
				MARKETING_VERSION = 1.0;
				PRODUCT_BUNDLE_IDENTIFIER = club.chronista.Vantage;
				PRODUCT_NAME = "$(TARGET_NAME)";
				SUPPORTED_PLATFORMS = "xros xrsimulator";
				SWIFT_EMIT_LOC_STRINGS = YES;
				SWIFT_OBJC_BRIDGING_HEADER = "$(TARGET_NAME)/ShaderTypes.h";
				SWIFT_VERSION = 5.0;
				TARGETED_DEVICE_FAMILY = 7;
			};
			name = Debug;
		};
		0E9842932E161A4100928FD2 /* Release */ = {
			isa = XCBuildConfiguration;
			buildSettings = {
				ASSETCATALOG_COMPILER_APPICON_NAME = AppIcon;
				ASSETCATALOG_COMPILER_GLOBAL_ACCENT_COLOR_NAME = AccentColor;
				CODE_SIGN_STYLE = Automatic;
				CURRENT_PROJECT_VERSION = 1;
				DEVELOPMENT_TEAM = J627YTC8NE;
				ENABLE_PREVIEWS = YES;
				GENERATE_INFOPLIST_FILE = YES;
				INFOPLIST_FILE = "$(TARGET_NAME)/Info.plist";
				LD_RUNPATH_SEARCH_PATHS = (
					"$(inherited)",
					"@executable_path/Frameworks",
				);
				MARKETING_VERSION = 1.0;
				PRODUCT_BUNDLE_IDENTIFIER = club.chronista.Vantage;
				PRODUCT_NAME = "$(TARGET_NAME)";
				SUPPORTED_PLATFORMS = "xros xrsimulator";
				SWIFT_EMIT_LOC_STRINGS = YES;
				SWIFT_OBJC_BRIDGING_HEADER = "$(TARGET_NAME)/ShaderTypes.h";
				SWIFT_VERSION = 5.0;
				TARGETED_DEVICE_FAMILY = 7;
			};
			name = Release;
		};
		0E9842942E161A4100928FD2 /* Debug */ = {
			isa = XCBuildConfiguration;
			buildSettings = {
				ALWAYS_SEARCH_USER_PATHS = NO;
				ASSETCATALOG_COMPILER_GENERATE_SWIFT_ASSET_SYMBOL_EXTENSIONS = YES;
				CLANG_ANALYZER_NONNULL = YES;
				CLANG_ANALYZER_NUMBER_OBJECT_CONVERSION = YES_AGGRESSIVE;
				CLANG_CXX_LANGUAGE_STANDARD = "gnu++20";
				CLANG_ENABLE_MODULES = YES;
				CLANG_ENABLE_OBJC_ARC = YES;
				CLANG_ENABLE_OBJC_WEAK = YES;
				CLANG_WARN_BLOCK_CAPTURE_AUTORELEASING = YES;
				CLANG_WARN_BOOL_CONVERSION = YES;
				CLANG_WARN_COMMA = YES;
				CLANG_WARN_CONSTANT_CONVERSION = YES;
				CLANG_WARN_DEPRECATED_OBJC_IMPLEMENTATIONS = YES;
				CLANG_WARN_DIRECT_OBJC_ISA_USAGE = YES_ERROR;
				CLANG_WARN_DOCUMENTATION_COMMENTS = YES;
				CLANG_WARN_EMPTY_BODY = YES;
				CLANG_WARN_ENUM_CONVERSION = YES;
				CLANG_WARN_INFINITE_RECURSION = YES;
				CLANG_WARN_INT_CONVERSION = YES;
				CLANG_WARN_NON_LITERAL_NULL_CONVERSION = YES;
				CLANG_WARN_OBJC_IMPLICIT_RETAIN_SELF = YES;
				CLANG_WARN_OBJC_LITERAL_CONVERSION = YES;
				CLANG_WARN_OBJC_ROOT_CLASS = YES_ERROR;
				CLANG_WARN_QUOTED_INCLUDE_IN_FRAMEWORK_HEADER = YES;
				CLANG_WARN_RANGE_LOOP_ANALYSIS = YES;
				CLANG_WARN_STRICT_PROTOTYPES = YES;
				CLANG_WARN_SUSPICIOUS_MOVE = YES;
				CLANG_WARN_UNGUARDED_AVAILABILITY = YES_AGGRESSIVE;
				CLANG_WARN_UNREACHABLE_CODE = YES;
				CLANG_WARN__DUPLICATE_METHOD_MATCH = YES;
				COPY_PHASE_STRIP = NO;
				DEBUG_INFORMATION_FORMAT = dwarf;
				DEVELOPMENT_TEAM = J627YTC8NE;
				ENABLE_STRICT_OBJC_MSGSEND = YES;
				ENABLE_TESTABILITY = YES;
				ENABLE_USER_SCRIPT_SANDBOXING = YES;
				GCC_C_LANGUAGE_STANDARD = gnu17;
				GCC_DYNAMIC_NO_PIC = NO;
				GCC_NO_COMMON_BLOCKS = YES;
				GCC_OPTIMIZATION_LEVEL = 0;
				GCC_PREPROCESSOR_DEFINITIONS = (
					"DEBUG=1",
					"$(inherited)",
				);
				GCC_WARN_64_TO_32_BIT_CONVERSION = YES;
				GCC_WARN_ABOUT_RETURN_TYPE = YES_ERROR;
				GCC_WARN_UNDECLARED_SELECTOR = YES;
				GCC_WARN_UNINITIALIZED_AUTOS = YES_AGGRESSIVE;
				GCC_WARN_UNUSED_FUNCTION = YES;
				GCC_WARN_UNUSED_VARIABLE = YES;
				LOCALIZATION_PREFERS_STRING_CATALOGS = YES;
				MTL_ENABLE_DEBUG_INFO = INCLUDE_SOURCE;
				MTL_FAST_MATH = YES;
				ONLY_ACTIVE_ARCH = YES;
				SDKROOT = xros;
				SWIFT_ACTIVE_COMPILATION_CONDITIONS = "DEBUG $(inherited)";
				SWIFT_OPTIMIZATION_LEVEL = "-Onone";
				XROS_DEPLOYMENT_TARGET = 2.5;
			};
			name = Debug;
		};
		0E9842952E161A4100928FD2 /* Release */ = {
			isa = XCBuildConfiguration;
			buildSettings = {
				ALWAYS_SEARCH_USER_PATHS = NO;
				ASSETCATALOG_COMPILER_GENERATE_SWIFT_ASSET_SYMBOL_EXTENSIONS = YES;
				CLANG_ANALYZER_NONNULL = YES;
				CLANG_ANALYZER_NUMBER_OBJECT_CONVERSION = YES_AGGRESSIVE;
				CLANG_CXX_LANGUAGE_STANDARD = "gnu++20";
				CLANG_ENABLE_MODULES = YES;
				CLANG_ENABLE_OBJC_ARC = YES;
				CLANG_ENABLE_OBJC_WEAK = YES;
				CLANG_WARN_BLOCK_CAPTURE_AUTORELEASING = YES;
				CLANG_WARN_BOOL_CONVERSION = YES;
				CLANG_WARN_COMMA = YES;
				CLANG_WARN_CONSTANT_CONVERSION = YES;
				CLANG_WARN_DEPRECATED_OBJC_IMPLEMENTATIONS = YES;
				CLANG_WARN_DIRECT_OBJC_ISA_USAGE = YES_ERROR;
				CLANG_WARN_DOCUMENTATION_COMMENTS = YES;
				CLANG_WARN_EMPTY_BODY = YES;
				CLANG_WARN_ENUM_CONVERSION = YES;
				CLANG_WARN_INFINITE_RECURSION = YES;
				CLANG_WARN_INT_CONVERSION = YES;
				CLANG_WARN_NON_LITERAL_NULL_CONVERSION = YES;
				CLANG_WARN_OBJC_IMPLICIT_RETAIN_SELF = YES;
				CLANG_WARN_OBJC_LITERAL_CONVERSION = YES;
				CLANG_WARN_OBJC_ROOT_CLASS = YES_ERROR;
				CLANG_WARN_QUOTED_INCLUDE_IN_FRAMEWORK_HEADER = YES;
				CLANG_WARN_RANGE_LOOP_ANALYSIS = YES;
				CLANG_WARN_STRICT_PROTOTYPES = YES;
				CLANG_WARN_SUSPICIOUS_MOVE = YES;
				CLANG_WARN_UNGUARDED_AVAILABILITY = YES_AGGRESSIVE;
				CLANG_WARN_UNREACHABLE_CODE = YES;
				CLANG_WARN__DUPLICATE_METHOD_MATCH = YES;
				COPY_PHASE_STRIP = NO;
				DEBUG_INFORMATION_FORMAT = "dwarf-with-dsym";
				DEVELOPMENT_TEAM = J627YTC8NE;
				ENABLE_NS_ASSERTIONS = NO;
				ENABLE_STRICT_OBJC_MSGSEND = YES;
				ENABLE_USER_SCRIPT_SANDBOXING = YES;
				GCC_C_LANGUAGE_STANDARD = gnu17;
				GCC_NO_COMMON_BLOCKS = YES;
				GCC_WARN_64_TO_32_BIT_CONVERSION = YES;
				GCC_WARN_ABOUT_RETURN_TYPE = YES_ERROR;
				GCC_WARN_UNDECLARED_SELECTOR = YES;
				GCC_WARN_UNINITIALIZED_AUTOS = YES_AGGRESSIVE;
				GCC_WARN_UNUSED_FUNCTION = YES;
				GCC_WARN_UNUSED_VARIABLE = YES;
				LOCALIZATION_PREFERS_STRING_CATALOGS = YES;
				MTL_ENABLE_DEBUG_INFO = NO;
				MTL_FAST_MATH = YES;
				SDKROOT = xros;
				SWIFT_COMPILATION_MODE = wholemodule;
				VALIDATE_PRODUCT = YES;
				XROS_DEPLOYMENT_TARGET = 2.5;
			};
			name = Release;
		};
		0E9842972E161A4100928FD2 /* Debug */ = {
			isa = XCBuildConfiguration;
			buildSettings = {
				BUNDLE_LOADER = "$(TEST_HOST)";
				CODE_SIGN_STYLE = Automatic;
				CURRENT_PROJECT_VERSION = 1;
				DEVELOPMENT_TEAM = J627YTC8NE;
				GENERATE_INFOPLIST_FILE = YES;
				MARKETING_VERSION = 1.0;
				PRODUCT_BUNDLE_IDENTIFIER = club.chronista.VantageTests;
				PRODUCT_NAME = "$(TARGET_NAME)";
				SUPPORTED_PLATFORMS = "xros xrsimulator";
				SWIFT_EMIT_LOC_STRINGS = NO;
				SWIFT_VERSION = 5.0;
				TARGETED_DEVICE_FAMILY = 7;
				TEST_HOST = "$(BUILT_PRODUCTS_DIR)/Vantage.app/$(BUNDLE_EXECUTABLE_FOLDER_PATH)/Vantage";
				XROS_DEPLOYMENT_TARGET = 2.5;
			};
			name = Debug;
		};
		0E9842982E161A4100928FD2 /* Release */ = {
			isa = XCBuildConfiguration;
			buildSettings = {
				BUNDLE_LOADER = "$(TEST_HOST)";
				CODE_SIGN_STYLE = Automatic;
				CURRENT_PROJECT_VERSION = 1;
				DEVELOPMENT_TEAM = J627YTC8NE;
				GENERATE_INFOPLIST_FILE = YES;
				MARKETING_VERSION = 1.0;
				PRODUCT_BUNDLE_IDENTIFIER = club.chronista.VantageTests;
				PRODUCT_NAME = "$(TARGET_NAME)";
				SUPPORTED_PLATFORMS = "xros xrsimulator";
				SWIFT_EMIT_LOC_STRINGS = NO;
				SWIFT_VERSION = 5.0;
				TARGETED_DEVICE_FAMILY = 7;
				TEST_HOST = "$(BUILT_PRODUCTS_DIR)/Vantage.app/$(BUNDLE_EXECUTABLE_FOLDER_PATH)/Vantage";
				XROS_DEPLOYMENT_TARGET = 2.5;
			};
			name = Release;
		};
/* End XCBuildConfiguration section */

/* Begin XCConfigurationList section */
		0E7AD0602E1F81BE005AD02D /* Build configuration list for PBXNativeTarget "Vantage Mac" */ = {
			isa = XCConfigurationList;
			buildConfigurations = (
				0E7AD0612E1F81BE005AD02D /* Debug */,
				0E7AD0622E1F81BE005AD02D /* Release */,
			);
			defaultConfigurationIsVisible = 0;
			defaultConfigurationName = Release;
		};
		0E98426A2E161A4000928FD2 /* Build configuration list for PBXProject "Vantage" */ = {
			isa = XCConfigurationList;
			buildConfigurations = (
				0E9842942E161A4100928FD2 /* Debug */,
				0E9842952E161A4100928FD2 /* Release */,
			);
			defaultConfigurationIsVisible = 0;
			defaultConfigurationName = Release;
		};
		0E9842912E161A4100928FD2 /* Build configuration list for PBXNativeTarget "Vantage" */ = {
			isa = XCConfigurationList;
			buildConfigurations = (
				0E9842922E161A4100928FD2 /* Debug */,
				0E9842932E161A4100928FD2 /* Release */,
			);
			defaultConfigurationIsVisible = 0;
			defaultConfigurationName = Release;
		};
		0E9842962E161A4100928FD2 /* Build configuration list for PBXNativeTarget "VantageTests" */ = {
			isa = XCConfigurationList;
			buildConfigurations = (
				0E9842972E161A4100928FD2 /* Debug */,
				0E9842982E161A4100928FD2 /* Release */,
			);
			defaultConfigurationIsVisible = 0;
			defaultConfigurationName = Release;
		};
/* End XCConfigurationList section */

/* Begin XCLocalSwiftPackageReference section */
		0E4F17782E1E8BA200ED6958 /* XCLocalSwiftPackageReference "../Vantage" */ = {
			isa = XCLocalSwiftPackageReference;
			relativePath = ../Vantage;
		};
/* End XCLocalSwiftPackageReference section */

/* Begin XCSwiftPackageProductDependency section */
		0E4F17792E1E8BA200ED6958 /* ClaudeAPI */ = {
			isa = XCSwiftPackageProductDependency;
			productName = ClaudeAPI;
		};
		0E7AD0512E1F8161005AD02D /* ClaudeAPI */ = {
			isa = XCSwiftPackageProductDependency;
			productName = ClaudeAPI;
		};
		0E9842742E161A4000928FD2 /* RealityKitContent */ = {
			isa = XCSwiftPackageProductDependency;
			productName = RealityKitContent;
		};
/* End XCSwiftPackageProductDependency section */
	};
	rootObject = 0E9842672E161A4000928FD2 /* Project object */;
}
